
Microsoft Visual Studio Solution File, Format Version 12.00
# Visual Studio Version 17
VisualStudioVersion = 17.9.34723.18
MinimumVisualStudioVersion = 10.0.40219.1
Project("{9A19103F-16F7-4668-BE54-9A1E7A4F7556}") = "CalenderAppService", "CalenderAppService.csproj", "{AD8E79F6-89C7-4C12-9CD9-7C797FE7F338}"
EndProject
Global
	GlobalSection(SolutionConfigurationPlatforms) = preSolution
		Debug|Any CPU = Debug|Any CPU
		Release|Any CPU = Release|Any CPU
	EndGlobalSection
	GlobalSection(ProjectConfigurationPlatforms) = postSolution
		{AD8E79F6-89C7-4C12-9CD9-7C797FE7F338}.Debug|Any CPU.ActiveCfg = Debug|Any CPU
		{AD8E79F6-89C7-4C12-9CD9-7C797FE7F338}.Debug|Any CPU.Build.0 = Debug|Any CPU
		{AD8E79F6-89C7-4C12-9CD9-7C797FE7F338}.Release|Any CPU.ActiveCfg = Release|Any CPU
		{AD8E79F6-89C7-4C12-9CD9-7C797FE7F338}.Release|Any CPU.Build.0 = Release|Any CPU
	EndGlobalSection
	GlobalSection(SolutionProperties) = preSolution
		HideSolutionNode = FALSE
	EndGlobalSection
	GlobalSection(ExtensibilityGlobals) = postSolution
		SolutionGuid = {6A15A9C9-D1D0-43B0-B186-03464F12AAE7}
	EndGlobalSection
EndGlobal
